
Microsoft Visual Studio Solution File, Format Version 12.00
# Visual Studio Version 17
VisualStudioVersion = 17.5.002.0
MinimumVisualStudioVersion = 10.0.40219.1
Project("{9A19103F-16F7-4668-BE54-9A1E7A4F7556}") = "StockPriceApi", "StockPriceApi\StockPriceApi.csproj", "{BEC4B57F-2BC7-425D-8C04-4B1CF1B9EC87}"
EndProject
Project("{9A19103F-16F7-4668-BE54-9A1E7A4F7556}") = "StockPriceTracker", "StockPriceTracker\StockPriceTracker.csproj", "{6B7BD0A4-EFBF-4FA6-891C-0A6CE563B299}"
EndProject
Project("{9A19103F-16F7-4668-BE54-9A1E7A4F7556}") = "TestsProj", "TestsProj\TestsProj.csproj", "{B1B31784-090F-4C98-81F4-E8CB59DB24C1}"
EndProject
Global
	GlobalSection(SolutionConfigurationPlatforms) = preSolution
		Debug|Any CPU = Debug|Any CPU
		Release|Any CPU = Release|Any CPU
	EndGlobalSection
	GlobalSection(ProjectConfigurationPlatforms) = postSolution
		{BEC4B57F-2BC7-425D-8C04-4B1CF1B9EC87}.Debug|Any CPU.ActiveCfg = Debug|Any CPU
		{BEC4B57F-2BC7-425D-8C04-4B1CF1B9EC87}.Debug|Any CPU.Build.0 = Debug|Any CPU
		{BEC4B57F-2BC7-425D-8C04-4B1CF1B9EC87}.Release|Any CPU.ActiveCfg = Release|Any CPU
		{BEC4B57F-2BC7-425D-8C04-4B1CF1B9EC87}.Release|Any CPU.Build.0 = Release|Any CPU
		{6B7BD0A4-EFBF-4FA6-891C-0A6CE563B299}.Debug|Any CPU.ActiveCfg = Debug|Any CPU
		{6B7BD0A4-EFBF-4FA6-891C-0A6CE563B299}.Debug|Any CPU.Build.0 = Debug|Any CPU
		{6B7BD0A4-EFBF-4FA6-891C-0A6CE563B299}.Release|Any CPU.ActiveCfg = Release|Any CPU
		{6B7BD0A4-EFBF-4FA6-891C-0A6CE563B299}.Release|Any CPU.Build.0 = Release|Any CPU
		{B1B31784-090F-4C98-81F4-E8CB59DB24C1}.Debug|Any CPU.ActiveCfg = Debug|Any CPU
		{B1B31784-090F-4C98-81F4-E8CB59DB24C1}.Debug|Any CPU.Build.0 = Debug|Any CPU
		{B1B31784-090F-4C98-81F4-E8CB59DB24C1}.Release|Any CPU.ActiveCfg = Release|Any CPU
		{B1B31784-090F-4C98-81F4-E8CB59DB24C1}.Release|Any CPU.Build.0 = Release|Any CPU
	EndGlobalSection
	GlobalSection(SolutionProperties) = preSolution
		HideSolutionNode = FALSE
	EndGlobalSection
	GlobalSection(ExtensibilityGlobals) = postSolution
		SolutionGuid = {4BB0A0B4-3A99-4A8A-9BB9-5118E2B23D80}
	EndGlobalSection
EndGlobal
